
Microsoft Visual Studio Solution File, Format Version 12.00
# Visual Studio Version 17
VisualStudioVersion = 17.14.36414.22 d17.14
MinimumVisualStudioVersion = 10.0.40219.1
Project("{FAE04EC0-301F-11D3-BF4B-00C04F79EFBC}") = "WebApplication1", "WebApplication1\WebApplication1.csproj", "{4A53803E-E17A-4592-BD08-60F0200C1220}"
EndProject
Global
	GlobalSection(SolutionConfigurationPlatforms) = preSolution
		Debug|Any CPU = Debug|Any CPU
		Release|Any CPU = Release|Any CPU
	EndGlobalSection
	GlobalSection(ProjectConfigurationPlatforms) = postSolution
		{4A53803E-E17A-4592-BD08-60F0200C1220}.Debug|Any CPU.ActiveCfg = Debug|Any CPU
		{4A53803E-E17A-4592-BD08-60F0200C1220}.Debug|Any CPU.Build.0 = Debug|Any CPU
		{4A53803E-E17A-4592-BD08-60F0200C1220}.Release|Any CPU.ActiveCfg = Release|Any CPU
		{4A53803E-E17A-4592-BD08-60F0200C1220}.Release|Any CPU.Build.0 = Release|Any CPU
	EndGlobalSection
	GlobalSection(SolutionProperties) = preSolution
		HideSolutionNode = FALSE
	EndGlobalSection
	GlobalSection(ExtensibilityGlobals) = postSolution
		SolutionGuid = {72381ABC-5251-45BA-82EB-0DE981188799}
	EndGlobalSection
EndGlobal
